schema: '2.0'
stages:
  visualize_data:
    cmd: python src/data_visualization.py
    deps:
    - path: data/raw/bank-additional-full.csv
      hash: md5
      md5: f6cb2c1256ffe2836b36df321f46e92c
      size: 5834924
    outs:
    - path: docs/figures/distribucion_educacion.png
      hash: md5
      md5: 6ce5f8a6f1e36e720a2ab920a39134d9
      size: 20786
