schema: '2.0'
stages:
  visualize_data:
    cmd: python src/data_visualization.py
    deps:
    - path: data/raw/bank-additional-full.csv
      hash: md5
      md5: f6cb2c1256ffe2836b36df321f46e92c
      size: 5834924
    outs:
    - path: docs/figures/distribucion_educacion.png
      hash: md5
      md5: 6ce5f8a6f1e36e720a2ab920a39134d9
      size: 20786
    - path: docs/figures/distribucion_target.png
      hash: md5
      md5: 50b8b540b2ef95ff35827775b5dc84b9
      size: 25794
  test_data_quality:
    cmd: pytest --html=docs/test_results/test_results.html --self-contained-html test/test_data_quality.py
    deps:
    - path: data/raw/bank-additional-full.csv
      hash: md5
      md5: f6cb2c1256ffe2836b36df321f46e92c
      size: 5834924
    - path: test/test_data_quality.py
      hash: md5
      md5: 7ad8f65a630e4640bacb64ef3a1c8d6f
      size: 1753
    outs:
    - path: docs/test_results/test_results.html
      hash: md5
      md5: 8c2bafd17bdeb31f8fb08b23ca918c97
      size: 32604
  test_data_gx:
    cmd: pytest --html=docs/test_results/test_results_gx.html --self-contained-html
      test/test_data_gx.py
    deps:
    - path: data/raw/bank-additional-full.csv
      hash: md5
      md5: f6cb2c1256ffe2836b36df321f46e92c
      size: 5834924
    - path: test/test_data_gx.py
      hash: md5
      md5: a24bce0f9b4b4e3368de4b34740998df
      size: 1480
    outs:
    - path: docs/test_results/test_results_gx.html
      hash: md5
      md5: 04b2a90697dce0d825c529a456ba7ab8
      size: 32035
  preprocess_data:
    cmd: python src/data_preparation.py
    deps:
    - path: data/raw/bank-additional-full.csv
      hash: md5
      md5: f6cb2c1256ffe2836b36df321f46e92c
      size: 5834924
    - path: src/data_preparation.py
      hash: md5
      md5: 31243eb754a70c363d8e141d15cbc961
      size: 1486
    outs:
    - path: data/processed/bank-processed.csv
      hash: md5
      md5: 8ec418f7c73c6f688e227eeeeda044b8
      size: 4406723
